
Microsoft Visual Studio Solution File, Format Version 12.00
# Visual Studio Version 16
VisualStudioVersion = 16.0.31005.135
MinimumVisualStudioVersion = 10.0.40219.1
Project("{FAE04EC0-301F-11D3-BF4B-00C04F79EFBC}") = "SOAP", "SOAP\SOAP.csproj", "{2E806C3A-F672-4FC5-8FB5-0FD903EC3ED0}"
EndProject
Project("{FAE04EC0-301F-11D3-BF4B-00C04F79EFBC}") = "CalcularAreasWS", "CalcularAreasWS\CalcularAreasWS.csproj", "{A5C303DD-C716-4FB8-8247-BFB9C8E85C9A}"
EndProject
Global
	GlobalSection(SolutionConfigurationPlatforms) = preSolution
		Debug|Any CPU = Debug|Any CPU
		Release|Any CPU = Release|Any CPU
	EndGlobalSection
	GlobalSection(ProjectConfigurationPlatforms) = postSolution
		{2E806C3A-F672-4FC5-8FB5-0FD903EC3ED0}.Debug|Any CPU.ActiveCfg = Debug|Any CPU
		{2E806C3A-F672-4FC5-8FB5-0FD903EC3ED0}.Debug|Any CPU.Build.0 = Debug|Any CPU
		{2E806C3A-F672-4FC5-8FB5-0FD903EC3ED0}.Release|Any CPU.ActiveCfg = Release|Any CPU
		{2E806C3A-F672-4FC5-8FB5-0FD903EC3ED0}.Release|Any CPU.Build.0 = Release|Any CPU
		{A5C303DD-C716-4FB8-8247-BFB9C8E85C9A}.Debug|Any CPU.ActiveCfg = Debug|Any CPU
		{A5C303DD-C716-4FB8-8247-BFB9C8E85C9A}.Debug|Any CPU.Build.0 = Debug|Any CPU
		{A5C303DD-C716-4FB8-8247-BFB9C8E85C9A}.Release|Any CPU.ActiveCfg = Release|Any CPU
		{A5C303DD-C716-4FB8-8247-BFB9C8E85C9A}.Release|Any CPU.Build.0 = Release|Any CPU
	EndGlobalSection
	GlobalSection(SolutionProperties) = preSolution
		HideSolutionNode = FALSE
	EndGlobalSection
	GlobalSection(ExtensibilityGlobals) = postSolution
		SolutionGuid = {D1F1AF0D-9B74-4EB1-B235-311277C2C1C9}
	EndGlobalSection
EndGlobal
